
Microsoft Visual Studio Solution File, Format Version 12.00
# Visual Studio Version 16
VisualStudioVersion = 16.0.30907.101
MinimumVisualStudioVersion = 10.0.40219.1
Project("{FAE04EC0-301F-11D3-BF4B-00C04F79EFBC}") = "APITest Wrapper", "APITest Wrapper.csproj", "{EA66D093-FA20-4582-B95B-66ED4DA7ACD4}"
EndProject
Global
	GlobalSection(SolutionConfigurationPlatforms) = preSolution
		Debug|Any CPU = Debug|Any CPU
		Release|Any CPU = Release|Any CPU
	EndGlobalSection
	GlobalSection(ProjectConfigurationPlatforms) = postSolution
		{EA66D093-FA20-4582-B95B-66ED4DA7ACD4}.Debug|Any CPU.ActiveCfg = Debug|Any CPU
		{EA66D093-FA20-4582-B95B-66ED4DA7ACD4}.Debug|Any CPU.Build.0 = Debug|Any CPU
		{EA66D093-FA20-4582-B95B-66ED4DA7ACD4}.Release|Any CPU.ActiveCfg = Release|Any CPU
		{EA66D093-FA20-4582-B95B-66ED4DA7ACD4}.Release|Any CPU.Build.0 = Release|Any CPU
	EndGlobalSection
	GlobalSection(SolutionProperties) = preSolution
		HideSolutionNode = FALSE
	EndGlobalSection
	GlobalSection(ExtensibilityGlobals) = postSolution
		SolutionGuid = {3774A722-F120-402E-8EA0-C72112A616ED}
	EndGlobalSection
EndGlobal
